Microsoft Visual Studio Solution File, Format Version 11.00
# Visual Studio 2008

Project("{619A315C-1166-06DE-E3E1-088F733BEF3B}") = "MindGames", "Assembly-CSharp-firstpass.csproj", "{195BD3E7-8576-341B-B166-268A3CF5ECBC}"
EndProject
Project("{619A315C-1166-06DE-E3E1-088F733BEF3B}") = "MindGames", "Assembly-CSharp.csproj", "{0FEA48E0-DA2A-1F14-621E-2B04C87E9E89}"
EndProject
Project("{619A315C-1166-06DE-E3E1-088F733BEF3B}") = "MindGames", "Assembly-CSharp-Editor.csproj", "{01D6CD2D-E903-D63B-F846-16137CDAB2F2}"
EndProject
Project("{619A315C-1166-06DE-E3E1-088F733BEF3B}") = "MindGames", "Assembly-UnityScript.unityproj", "{F61BDFE2-1C25-9AFC-DE43-DE06A88A2ECE}"
EndProject
Global
	GlobalSection(SolutionConfigurationPlatforms) = preSolution
		Debug|Any CPU = Debug|Any CPU
		Release|Any CPU = Release|Any CPU
	EndGlobalSection
	GlobalSection(ProjectConfigurationPlatforms) = postSolution
		{195BD3E7-8576-341B-B166-268A3CF5ECBC}.Debug|Any CPU.ActiveCfg = Debug|Any CPU
		{195BD3E7-8576-341B-B166-268A3CF5ECBC}.Debug|Any CPU.Build.0 = Debug|Any CPU
		{195BD3E7-8576-341B-B166-268A3CF5ECBC}.Release|Any CPU.ActiveCfg = Release|Any CPU
		{195BD3E7-8576-341B-B166-268A3CF5ECBC}.Release|Any CPU.Build.0 = Release|Any CPU
		{0FEA48E0-DA2A-1F14-621E-2B04C87E9E89}.Debug|Any CPU.ActiveCfg = Debug|Any CPU
		{0FEA48E0-DA2A-1F14-621E-2B04C87E9E89}.Debug|Any CPU.Build.0 = Debug|Any CPU
		{0FEA48E0-DA2A-1F14-621E-2B04C87E9E89}.Release|Any CPU.ActiveCfg = Release|Any CPU
		{0FEA48E0-DA2A-1F14-621E-2B04C87E9E89}.Release|Any CPU.Build.0 = Release|Any CPU
		{01D6CD2D-E903-D63B-F846-16137CDAB2F2}.Debug|Any CPU.ActiveCfg = Debug|Any CPU
		{01D6CD2D-E903-D63B-F846-16137CDAB2F2}.Debug|Any CPU.Build.0 = Debug|Any CPU
		{01D6CD2D-E903-D63B-F846-16137CDAB2F2}.Release|Any CPU.ActiveCfg = Release|Any CPU
		{01D6CD2D-E903-D63B-F846-16137CDAB2F2}.Release|Any CPU.Build.0 = Release|Any CPU
		{F61BDFE2-1C25-9AFC-DE43-DE06A88A2ECE}.Debug|Any CPU.ActiveCfg = Debug|Any CPU
		{F61BDFE2-1C25-9AFC-DE43-DE06A88A2ECE}.Debug|Any CPU.Build.0 = Debug|Any CPU
		{F61BDFE2-1C25-9AFC-DE43-DE06A88A2ECE}.Release|Any CPU.ActiveCfg = Release|Any CPU
		{F61BDFE2-1C25-9AFC-DE43-DE06A88A2ECE}.Release|Any CPU.Build.0 = Release|Any CPU
	EndGlobalSection
	GlobalSection(SolutionProperties) = preSolution
		HideSolutionNode = FALSE
	EndGlobalSection
	GlobalSection(MonoDevelopProperties) = preSolution
		StartupItem = Assembly-CSharp.csproj
	EndGlobalSection
EndGlobal
